// !$*UTF8*$!
{
	archiveVersion = 1;
	classes = {
	};
	objectVersion = 46;
	objects = {

/* Begin PBXBuildFile section */
		B3346F7914BC17FD007C5A59 /* Tile1Text.png in Resources */ = {isa = PBXBuildFile; fileRef = B3346F7814BC17FD007C5A59 /* Tile1Text.png */; };
		B3346F7F14BC1873007C5A59 /* Box.png in Resources */ = {isa = PBXBuildFile; fileRef = B3346F7B14BC1872007C5A59 /* Box.png */; };
		B3346F8014BC1873007C5A59 /* Box2.png in Resources */ = {isa = PBXBuildFile; fileRef = B3346F7C14BC1872007C5A59 /* Box2.png */; };
		B3346F8114BC1873007C5A59 /* Boxdotted.png in Resources */ = {isa = PBXBuildFile; fileRef = B3346F7D14BC1872007C5A59 /* Boxdotted.png */; };
		B3346F8214BC1873007C5A59 /* Boxdotted2.png in Resources */ = {isa = PBXBuildFile; fileRef = B3346F7E14BC1872007C5A59 /* Boxdotted2.png */; };
		B38651E114B5B1D700C48BD3 /* UIKit.framework in Frameworks */ = {isa = PBXBuildFile; fileRef = B38651E014B5B1D700C48BD3 /* UIKit.framework */; };
		B38651E314B5B1D700C48BD3 /* Foundation.framework in Frameworks */ = {isa = PBXBuildFile; fileRef = B38651E214B5B1D700C48BD3 /* Foundation.framework */; };
		B38651E514B5B1D700C48BD3 /* CoreGraphics.framework in Frameworks */ = {isa = PBXBuildFile; fileRef = B38651E414B5B1D700C48BD3 /* CoreGraphics.framework */; };
		B38651EB14B5B1D700C48BD3 /* InfoPlist.strings in Resources */ = {isa = PBXBuildFile; fileRef = B38651E914B5B1D700C48BD3 /* InfoPlist.strings */; };
		B38651ED14B5B1D700C48BD3 /* main.m in Sources */ = {isa = PBXBuildFile; fileRef = B38651EC14B5B1D700C48BD3 /* main.m */; };
		B38651F114B5B1D700C48BD3 /* AppDelegate.m in Sources */ = {isa = PBXBuildFile; fileRef = B38651F014B5B1D700C48BD3 /* AppDelegate.m */; };
		B38651F414B5B1D700C48BD3 /* MainStoryboard.storyboard in Resources */ = {isa = PBXBuildFile; fileRef = B38651F214B5B1D700C48BD3 /* MainStoryboard.storyboard */; };
		B38651F714B5B1D700C48BD3 /* ViewController.m in Sources */ = {isa = PBXBuildFile; fileRef = B38651F614B5B1D700C48BD3 /* ViewController.m */; };
		B386520514B5B39E00C48BD3 /* MyScrollView.m in Sources */ = {isa = PBXBuildFile; fileRef = B386520414B5B39E00C48BD3 /* MyScrollView.m */; };
		B386520914B5D77B00C48BD3 /* illustration02.jpg in Resources */ = {isa = PBXBuildFile; fileRef = B386520814B5D77B00C48BD3 /* illustration02.jpg */; };
		B386520C14B5E3AC00C48BD3 /* illustration06.jpg in Resources */ = {isa = PBXBuildFile; fileRef = B386520B14B5E3AC00C48BD3 /* illustration06.jpg */; };
		B386520E14B670EC00C48BD3 /* illustration04.jpg in Resources */ = {isa = PBXBuildFile; fileRef = B386520D14B670EC00C48BD3 /* illustration04.jpg */; };
		B3B0CA5814B98E9C007D035B /* Dottedboxfull.png in Resources */ = {isa = PBXBuildFile; fileRef = B3B0CA5714B98E9C007D035B /* Dottedboxfull.png */; };
		B3B0CA5B14B9927A007D035B /* illustration15.jpg in Resources */ = {isa = PBXBuildFile; fileRef = B3B0CA5A14B9927A007D035B /* illustration15.jpg */; };
		B3B0CA5D14B99435007D035B /* illustration03.jpg in Resources */ = {isa = PBXBuildFile; fileRef = B3B0CA5C14B99435007D035B /* illustration03.jpg */; };
		B3B0CA5F14B995E2007D035B /* design15.jpg in Resources */ = {isa = PBXBuildFile; fileRef = B3B0CA5E14B995E2007D035B /* design15.jpg */; };
		B3B0CA6114B996DD007D035B /* design12.jpg in Resources */ = {isa = PBXBuildFile; fileRef = B3B0CA6014B996DD007D035B /* design12.jpg */; };
		B3B0CA6314B9984B007D035B /* design04.jpg in Resources */ = {isa = PBXBuildFile; fileRef = B3B0CA6214B9984B007D035B /* design04.jpg */; };
		B3B0CA6614B99986007D035B /* charDev01.jpg in Resources */ = {isa = PBXBuildFile; fileRef = B3B0CA6514B99986007D035B /* charDev01.jpg */; };
		B3B0CA6914B99B97007D035B /* charDev12.jpg in Resources */ = {isa = PBXBuildFile; fileRef = B3B0CA6714B99B97007D035B /* charDev12.jpg */; };
		B3B0CA6A14B99B97007D035B /* charDev15.jpg in Resources */ = {isa = PBXBuildFile; fileRef = B3B0CA6814B99B97007D035B /* charDev15.jpg */; };
		B3B0CA6F14B99F1E007D035B /* SB_Concepts04.jpg in Resources */ = {isa = PBXBuildFile; fileRef = B3B0CA6B14B99F1E007D035B /* SB_Concepts04.jpg */; };
		B3B0CA7014B99F1E007D035B /* SB_Concepts08.jpg in Resources */ = {isa = PBXBuildFile; fileRef = B3B0CA6C14B99F1E007D035B /* SB_Concepts08.jpg */; };
		B3B0CA7114B99F1E007D035B /* SB_Concepts21.jpg in Resources */ = {isa = PBXBuildFile; fileRef = B3B0CA6D14B99F1E007D035B /* SB_Concepts21.jpg */; };
		B3B0CA7214B99F1E007D035B /* SB_Concepts29.jpg in Resources */ = {isa = PBXBuildFile; fileRef = B3B0CA6E14B99F1E007D035B /* SB_Concepts29.jpg */; };
		B3B0CA7414B9A3F2007D035B /* Tile8Playbutton.png in Resources */ = {isa = PBXBuildFile; fileRef = B3B0CA7314B9A3F2007D035B /* Tile8Playbutton.png */; };
		B3B0CA7614B9A559007D035B /* Tile1Aboutus.png in Resources */ = {isa = PBXBuildFile; fileRef = B3B0CA7514B9A559007D035B /* Tile1Aboutus.png */; };
		B3F1E57B14BD79EA00CDACE1 /* Tile5Arrowdown.png in Resources */ = {isa = PBXBuildFile; fileRef = B3F1E57814BD79EA00CDACE1 /* Tile5Arrowdown.png */; };
		B3F1E57C14BD79EA00CDACE1 /* Tile5Arrowleft.png in Resources */ = {isa = PBXBuildFile; fileRef = B3F1E57914BD79EA00CDACE1 /* Tile5Arrowleft.png */; };
		B3F1E57D14BD79EA00CDACE1 /* Tile5Arrowup.png in Resources */ = {isa = PBXBuildFile; fileRef = B3F1E57A14BD79EA00CDACE1 /* Tile5Arrowup.png */; };
		B3F1E58014BD7A0400CDACE1 /* Tile5Arrowright.png in Resources */ = {isa = PBXBuildFile; fileRef = B3F1E57F14BD7A0400CDACE1 /* Tile5Arrowright.png */; };
		B3F9DFD814B71C1400BAD3B3 /* FILM_REEL.mov in Resources */ = {isa = PBXBuildFile; fileRef = B3F9DFD714B71C1400BAD3B3 /* FILM_REEL.mov */; };
		B3F9DFE014B7217F00BAD3B3 /* AVPlayerDemoPlaybackView.m in Sources */ = {isa = PBXBuildFile; fileRef = B3F9DFDA14B7217F00BAD3B3 /* AVPlayerDemoPlaybackView.m */; };
		B3F9DFE114B7217F00BAD3B3 /* MyMoviePlayer.m in Sources */ = {isa = PBXBuildFile; fileRef = B3F9DFDC14B7217F00BAD3B3 /* MyMoviePlayer.m */; };
		B3F9DFE214B7217F00BAD3B3 /* MyMoviePlayer.xib in Resources */ = {isa = PBXBuildFile; fileRef = B3F9DFDD14B7217F00BAD3B3 /* MyMoviePlayer.xib */; };
		B3F9DFE314B7217F00BAD3B3 /* MyMovieView.m in Sources */ = {isa = PBXBuildFile; fileRef = B3F9DFDF14B7217F00BAD3B3 /* MyMovieView.m */; };
		B3F9DFE514B7235100BAD3B3 /* CoreVideo.framework in Frameworks */ = {isa = PBXBuildFile; fileRef = B3F9DFE414B7235100BAD3B3 /* CoreVideo.framework */; };
		B3F9DFE714B7235800BAD3B3 /* AVFoundation.framework in Frameworks */ = {isa = PBXBuildFile; fileRef = B3F9DFE614B7235800BAD3B3 /* AVFoundation.framework */; };
		B3F9DFE914B7236600BAD3B3 /* MediaPlayer.framework in Frameworks */ = {isa = PBXBuildFile; fileRef = B3F9DFE814B7236600BAD3B3 /* MediaPlayer.framework */; };
		B3F9DFEB14B7236F00BAD3B3 /* CoreMedia.framework in Frameworks */ = {isa = PBXBuildFile; fileRef = B3F9DFEA14B7236F00BAD3B3 /* CoreMedia.framework */; };
		B3F9DFEE14B729C300BAD3B3 /* Animation_Reel.mov in Resources */ = {isa = PBXBuildFile; fileRef = B3F9DFED14B729C300BAD3B3 /* Animation_Reel.mov */; };
		B3F9DFF114B72A9A00BAD3B3 /* Preproduction_Reel.mov in Resources */ = {isa = PBXBuildFile; fileRef = B3F9DFF014B72A9A00BAD3B3 /* Preproduction_Reel.mov */; };
		B3F9DFF414B8439800BAD3B3 /* THESTUDIO_RED copy.png in Resources */ = {isa = PBXBuildFile; fileRef = B3F9DFF314B8439800BAD3B3 /* THESTUDIO_RED copy.png */; };
		B3F9DFF614B8453500BAD3B3 /* Tile2Illustration.png in Resources */ = {isa = PBXBuildFile; fileRef = B3F9DFF514B8453500BAD3B3 /* Tile2Illustration.png */; };
		B3F9DFF814B8455100BAD3B3 /* Tile3Film.png in Resources */ = {isa = PBXBuildFile; fileRef = B3F9DFF714B8455100BAD3B3 /* Tile3Film.png */; };
		B3F9DFFA14B8456500BAD3B3 /* Tile8Animation.png in Resources */ = {isa = PBXBuildFile; fileRef = B3F9DFF914B8456500BAD3B3 /* Tile8Animation.png */; };
		B3F9DFFC14B8457F00BAD3B3 /* Tile6Preproduction.png in Resources */ = {isa = PBXBuildFile; fileRef = B3F9DFFB14B8457F00BAD3B3 /* Tile6Preproduction.png */; };
		B3F9DFFF14B845B500BAD3B3 /* Tile9Storyboards.png in Resources */ = {isa = PBXBuildFile; fileRef = B3F9DFFE14B845B500BAD3B3 /* Tile9Storyboards.png */; };
		B3F9E00214B84AA200BAD3B3 /* Tile4Design.png in Resources */ = {isa = PBXBuildFile; fileRef = B3F9E00114B84AA200BAD3B3 /* Tile4Design.png */; };
		B3F9E00414B84DDA00BAD3B3 /* illustration14.jpg in Resources */ = {isa = PBXBuildFile; fileRef = B3F9E00314B84DDA00BAD3B3 /* illustration14.jpg */; };
		B3F9E00614B84ECC00BAD3B3 /* illustration13.jpg in Resources */ = {isa = PBXBuildFile; fileRef = B3F9E00514B84ECB00BAD3B3 /* illustration13.jpg */; };
/* End PBXBuildFile section */

/* Begin PBXFileReference section */
		B3346F7814BC17FD007C5A59 /* Tile1Text.png */ = {isa = PBXFileReference; lastKnownFileType = image.png; path = Tile1Text.png; sourceTree = "<group>"; };
		B3346F7B14BC1872007C5A59 /* Box.png */ = {isa = PBXFileReference; lastKnownFileType = image.png; path = Box.png; sourceTree = "<group>"; };
		B3346F7C14BC1872007C5A59 /* Box2.png */ = {isa = PBXFileReference; lastKnownFileType = image.png; path = Box2.png; sourceTree = "<group>"; };
		B3346F7D14BC1872007C5A59 /* Boxdotted.png */ = {isa = PBXFileReference; lastKnownFileType = image.png; path = Boxdotted.png; sourceTree = "<group>"; };
		B3346F7E14BC1872007C5A59 /* Boxdotted2.png */ = {isa = PBXFileReference; lastKnownFileType = image.png; path = Boxdotted2.png; sourceTree = "<group>"; };
		B38651DC14B5B1D700C48BD3 /* studioapp.app */ = {isa = PBXFileReference; explicitFileType = wrapper.application; includeInIndex = 0; path = studioapp.app; sourceTree = BUILT_PRODUCTS_DIR; };
		B38651E014B5B1D700C48BD3 /* UIKit.framework */ = {isa = PBXFileReference; lastKnownFileType = wrapper.framework; name = UIKit.framework; path = System/Library/Frameworks/UIKit.framework; sourceTree = SDKROOT; };
		B38651E214B5B1D700C48BD3 /* Foundation.framework */ = {isa = PBXFileReference; lastKnownFileType = wrapper.framework; name = Foundation.framework; path = System/Library/Frameworks/Foundation.framework; sourceTree = SDKROOT; };
		B38651E414B5B1D700C48BD3 /* CoreGraphics.framework */ = {isa = PBXFileReference; lastKnownFileType = wrapper.framework; name = CoreGraphics.framework; path = System/Library/Frameworks/CoreGraphics.framework; sourceTree = SDKROOT; };
		B38651E814B5B1D700C48BD3 /* studioapp-Info.plist */ = {isa = PBXFileReference; lastKnownFileType = text.plist.xml; path = "studioapp-Info.plist"; sourceTree = "<group>"; };
		B38651EA14B5B1D700C48BD3 /* en */ = {isa = PBXFileReference; lastKnownFileType = text.plist.strings; name = en; path = en.lproj/InfoPlist.strings; sourceTree = "<group>"; };
		B38651EC14B5B1D700C48BD3 /* main.m */ = {isa = PBXFileReference; lastKnownFileType = sourcecode.c.objc; path = main.m; sourceTree = "<group>"; };
		B38651EE14B5B1D700C48BD3 /* studioapp-Prefix.pch */ = {isa = PBXFileReference; lastKnownFileType = sourcecode.c.h; path = "studioapp-Prefix.pch"; sourceTree = "<group>"; };
		B38651EF14B5B1D700C48BD3 /* AppDelegate.h */ = {isa = PBXFileReference; lastKnownFileType = sourcecode.c.h; name = AppDelegate.h; path = studioapp/AppDelegate.h; sourceTree = "<group>"; };
		B38651F014B5B1D700C48BD3 /* AppDelegate.m */ = {isa = PBXFileReference; lastKnownFileType = sourcecode.c.objc; name = AppDelegate.m; path = studioapp/AppDelegate.m; sourceTree = "<group>"; };
		B38651F314B5B1D700C48BD3 /* en */ = {isa = PBXFileReference; lastKnownFileType = file.storyboard; name = en; path = en.lproj/MainStoryboard.storyboard; sourceTree = "<group>"; };
		B38651F514B5B1D700C48BD3 /* ViewController.h */ = {isa = PBXFileReference; lastKnownFileType = sourcecode.c.h; name = ViewController.h; path = studioapp/ViewController.h; sourceTree = "<group>"; };
		B38651F614B5B1D700C48BD3 /* ViewController.m */ = {isa = PBXFileReference; lastKnownFileType = sourcecode.c.objc; name = ViewController.m; path = studioapp/ViewController.m; sourceTree = "<group>"; };
		B386520314B5B39E00C48BD3 /* MyScrollView.h */ = {isa = PBXFileReference; fileEncoding = 4; lastKnownFileType = sourcecode.c.h; path = MyScrollView.h; sourceTree = "<group>"; };
		B386520414B5B39E00C48BD3 /* MyScrollView.m */ = {isa = PBXFileReference; fileEncoding = 4; lastKnownFileType = sourcecode.c.objc; path = MyScrollView.m; sourceTree = "<group>"; };
		B386520814B5D77B00C48BD3 /* illustration02.jpg */ = {isa = PBXFileReference; lastKnownFileType = image.jpeg; path = illustration02.jpg; sourceTree = "<group>"; };
		B386520B14B5E3AC00C48BD3 /* illustration06.jpg */ = {isa = PBXFileReference; lastKnownFileType = image.jpeg; path = illustration06.jpg; sourceTree = "<group>"; };
		B386520D14B670EC00C48BD3 /* illustration04.jpg */ = {isa = PBXFileReference; lastKnownFileType = image.jpeg; path = illustration04.jpg; sourceTree = "<group>"; };
		B3B0CA5714B98E9C007D035B /* Dottedboxfull.png */ = {isa = PBXFileReference; lastKnownFileType = image.png; path = Dottedboxfull.png; sourceTree = "<group>"; };
		B3B0CA5A14B9927A007D035B /* illustration15.jpg */ = {isa = PBXFileReference; lastKnownFileType = image.jpeg; path = illustration15.jpg; sourceTree = "<group>"; };
		B3B0CA5C14B99435007D035B /* illustration03.jpg */ = {isa = PBXFileReference; lastKnownFileType = image.jpeg; path = illustration03.jpg; sourceTree = "<group>"; };
		B3B0CA5E14B995E2007D035B /* design15.jpg */ = {isa = PBXFileReference; lastKnownFileType = image.jpeg; path = design15.jpg; sourceTree = "<group>"; };
		B3B0CA6014B996DD007D035B /* design12.jpg */ = {isa = PBXFileReference; lastKnownFileType = image.jpeg; path = design12.jpg; sourceTree = "<group>"; };
		B3B0CA6214B9984B007D035B /* design04.jpg */ = {isa = PBXFileReference; lastKnownFileType = image.jpeg; path = design04.jpg; sourceTree = "<group>"; };
		B3B0CA6514B99986007D035B /* charDev01.jpg */ = {isa = PBXFileReference; lastKnownFileType = image.jpeg; path = charDev01.jpg; sourceTree = "<group>"; };
		B3B0CA6714B99B97007D035B /* charDev12.jpg */ = {isa = PBXFileReference; lastKnownFileType = image.jpeg; path = charDev12.jpg; sourceTree = "<group>"; };
		B3B0CA6814B99B97007D035B /* charDev15.jpg */ = {isa = PBXFileReference; lastKnownFileType = image.jpeg; path = charDev15.jpg; sourceTree = "<group>"; };
		B3B0CA6B14B99F1E007D035B /* SB_Concepts04.jpg */ = {isa = PBXFileReference; lastKnownFileType = image.jpeg; path = SB_Concepts04.jpg; sourceTree = "<group>"; };
		B3B0CA6C14B99F1E007D035B /* SB_Concepts08.jpg */ = {isa = PBXFileReference; lastKnownFileType = image.jpeg; path = SB_Concepts08.jpg; sourceTree = "<group>"; };
		B3B0CA6D14B99F1E007D035B /* SB_Concepts21.jpg */ = {isa = PBXFileReference; lastKnownFileType = image.jpeg; path = SB_Concepts21.jpg; sourceTree = "<group>"; };
		B3B0CA6E14B99F1E007D035B /* SB_Concepts29.jpg */ = {isa = PBXFileReference; lastKnownFileType = image.jpeg; path = SB_Concepts29.jpg; sourceTree = "<group>"; };
		B3B0CA7314B9A3F2007D035B /* Tile8Playbutton.png */ = {isa = PBXFileReference; lastKnownFileType = image.png; path = Tile8Playbutton.png; sourceTree = "<group>"; };
		B3B0CA7514B9A559007D035B /* Tile1Aboutus.png */ = {isa = PBXFileReference; lastKnownFileType = image.png; path = Tile1Aboutus.png; sourceTree = "<group>"; };
		B3F1E57814BD79EA00CDACE1 /* Tile5Arrowdown.png */ = {isa = PBXFileReference; lastKnownFileType = image.png; path = Tile5Arrowdown.png; sourceTree = "<group>"; };
		B3F1E57914BD79EA00CDACE1 /* Tile5Arrowleft.png */ = {isa = PBXFileReference; lastKnownFileType = image.png; path = Tile5Arrowleft.png; sourceTree = "<group>"; };
		B3F1E57A14BD79EA00CDACE1 /* Tile5Arrowup.png */ = {isa = PBXFileReference; lastKnownFileType = image.png; path = Tile5Arrowup.png; sourceTree = "<group>"; };
		B3F1E57F14BD7A0400CDACE1 /* Tile5Arrowright.png */ = {isa = PBXFileReference; lastKnownFileType = image.png; path = Tile5Arrowright.png; sourceTree = "<group>"; };
		B3F9DFD714B71C1400BAD3B3 /* FILM_REEL.mov */ = {isa = PBXFileReference; lastKnownFileType = video.quicktime; path = FILM_REEL.mov; sourceTree = "<group>"; };
		B3F9DFD914B7217F00BAD3B3 /* AVPlayerDemoPlaybackView.h */ = {isa = PBXFileReference; fileEncoding = 4; lastKnownFileType = sourcecode.c.h; path = AVPlayerDemoPlaybackView.h; sourceTree = "<group>"; };
		B3F9DFDA14B7217F00BAD3B3 /* AVPlayerDemoPlaybackView.m */ = {isa = PBXFileReference; fileEncoding = 4; lastKnownFileType = sourcecode.c.objc; path = AVPlayerDemoPlaybackView.m; sourceTree = "<group>"; };
		B3F9DFDB14B7217F00BAD3B3 /* MyMoviePlayer.h */ = {isa = PBXFileReference; fileEncoding = 4; lastKnownFileType = sourcecode.c.h; path = MyMoviePlayer.h; sourceTree = "<group>"; };
		B3F9DFDC14B7217F00BAD3B3 /* MyMoviePlayer.m */ = {isa = PBXFileReference; fileEncoding = 4; lastKnownFileType = sourcecode.c.objc; path = MyMoviePlayer.m; sourceTree = "<group>"; };
		B3F9DFDD14B7217F00BAD3B3 /* MyMoviePlayer.xib */ = {isa = PBXFileReference; fileEncoding = 4; lastKnownFileType = file.xib; path = MyMoviePlayer.xib; sourceTree = "<group>"; };
		B3F9DFDE14B7217F00BAD3B3 /* MyMovieView.h */ = {isa = PBXFileReference; fileEncoding = 4; lastKnownFileType = sourcecode.c.h; path = MyMovieView.h; sourceTree = "<group>"; };
		B3F9DFDF14B7217F00BAD3B3 /* MyMovieView.m */ = {isa = PBXFileReference; fileEncoding = 4; lastKnownFileType = sourcecode.c.objc; path = MyMovieView.m; sourceTree = "<group>"; };
		B3F9DFE414B7235100BAD3B3 /* CoreVideo.framework */ = {isa = PBXFileReference; lastKnownFileType = wrapper.framework; name = CoreVideo.framework; path = System/Library/Frameworks/CoreVideo.framework; sourceTree = SDKROOT; };
		B3F9DFE614B7235800BAD3B3 /* AVFoundation.framework */ = {isa = PBXFileReference; lastKnownFileType = wrapper.framework; name = AVFoundation.framework; path = System/Library/Frameworks/AVFoundation.framework; sourceTree = SDKROOT; };
		B3F9DFE814B7236600BAD3B3 /* MediaPlayer.framework */ = {isa = PBXFileReference; lastKnownFileType = wrapper.framework; name = MediaPlayer.framework; path = System/Library/Frameworks/MediaPlayer.framework; sourceTree = SDKROOT; };
		B3F9DFEA14B7236F00BAD3B3 /* CoreMedia.framework */ = {isa = PBXFileReference; lastKnownFileType = wrapper.framework; name = CoreMedia.framework; path = System/Library/Frameworks/CoreMedia.framework; sourceTree = SDKROOT; };
		B3F9DFED14B729C300BAD3B3 /* Animation_Reel.mov */ = {isa = PBXFileReference; lastKnownFileType = video.quicktime; name = Animation_Reel.mov; path = ../../app_lite/ios5/assets/Animation_Reel.mov; sourceTree = "<group>"; };
		B3F9DFF014B72A9A00BAD3B3 /* Preproduction_Reel.mov */ = {isa = PBXFileReference; lastKnownFileType = video.quicktime; name = Preproduction_Reel.mov; path = ../../app_lite/ios5/assets/assets/Preproduction/Preproduction_Reel.mov; sourceTree = "<group>"; };
		B3F9DFF314B8439800BAD3B3 /* THESTUDIO_RED copy.png */ = {isa = PBXFileReference; lastKnownFileType = image.png; name = "THESTUDIO_RED copy.png"; path = "../../app_lite/ios5/assets/assets/THESTUDIO_RED copy.png"; sourceTree = "<group>"; };
		B3F9DFF514B8453500BAD3B3 /* Tile2Illustration.png */ = {isa = PBXFileReference; lastKnownFileType = image.png; name = Tile2Illustration.png; path = ../../app_lite/ios5/assets/Tile2Illustration.png; sourceTree = "<group>"; };
		B3F9DFF714B8455100BAD3B3 /* Tile3Film.png */ = {isa = PBXFileReference; lastKnownFileType = image.png; name = Tile3Film.png; path = ../../app_lite/ios5/assets/Tile3Film.png; sourceTree = "<group>"; };
		B3F9DFF914B8456500BAD3B3 /* Tile8Animation.png */ = {isa = PBXFileReference; lastKnownFileType = image.png; name = Tile8Animation.png; path = ../../app_lite/ios5/assets/Tile8Animation.png; sourceTree = "<group>"; };
		B3F9DFFB14B8457F00BAD3B3 /* Tile6Preproduction.png */ = {isa = PBXFileReference; lastKnownFileType = image.png; name = Tile6Preproduction.png; path = ../../app_lite/ios5/assets/Tile6Preproduction.png; sourceTree = "<group>"; };
		B3F9DFFE14B845B500BAD3B3 /* Tile9Storyboards.png */ = {isa = PBXFileReference; lastKnownFileType = image.png; name = Tile9Storyboards.png; path = ../../app_lite/ios5/assets/Tile9Storyboards.png; sourceTree = "<group>"; };
		B3F9E00114B84AA200BAD3B3 /* Tile4Design.png */ = {isa = PBXFileReference; lastKnownFileType = image.png; name = Tile4Design.png; path = ../../app_lite/ios5/assets/Tile4Design.png; sourceTree = "<group>"; };
		B3F9E00314B84DDA00BAD3B3 /* illustration14.jpg */ = {isa = PBXFileReference; lastKnownFileType = image.jpeg; name = illustration14.jpg; path = ../../app_lite/ios5/assets/assets/Illustration/illustration14.jpg; sourceTree = "<group>"; };
		B3F9E00514B84ECB00BAD3B3 /* illustration13.jpg */ = {isa = PBXFileReference; lastKnownFileType = image.jpeg; name = illustration13.jpg; path = ../../app_lite/ios5/assets/assets/Illustration/illustration13.jpg; sourceTree = "<group>"; };
/* End PBXFileReference section */

/* Begin PBXFrameworksBuildPhase section */
		B38651D914B5B1D600C48BD3 /* Frameworks */ = {
			isa = PBXFrameworksBuildPhase;
			buildActionMask = 2147483647;
			files = (
				B38651E514B5B1D700C48BD3 /* CoreGraphics.framework in Frameworks */,
				B3F9DFEB14B7236F00BAD3B3 /* CoreMedia.framework in Frameworks */,
				B3F9DFE914B7236600BAD3B3 /* MediaPlayer.framework in Frameworks */,
				B3F9DFE714B7235800BAD3B3 /* AVFoundation.framework in Frameworks */,
				B3F9DFE514B7235100BAD3B3 /* CoreVideo.framework in Frameworks */,
				B38651E114B5B1D700C48BD3 /* UIKit.framework in Frameworks */,
				B38651E314B5B1D700C48BD3 /* Foundation.framework in Frameworks */,
			);
			runOnlyForDeploymentPostprocessing = 0;
		};
/* End PBXFrameworksBuildPhase section */

/* Begin PBXGroup section */
		B3346F8314BC1878007C5A59 /* Elements */ = {
			isa = PBXGroup;
			children = (
				B3B0CA5714B98E9C007D035B /* Dottedboxfull.png */,
				B3346F7B14BC1872007C5A59 /* Box.png */,
				B3346F7C14BC1872007C5A59 /* Box2.png */,
				B3346F7D14BC1872007C5A59 /* Boxdotted.png */,
				B3346F7E14BC1872007C5A59 /* Boxdotted2.png */,
			);
			name = Elements;
			sourceTree = "<group>";
		};
		B38651D114B5B1D600C48BD3 = {
			isa = PBXGroup;
			children = (
				B3F9DFEA14B7236F00BAD3B3 /* CoreMedia.framework */,
				B3F9DFE814B7236600BAD3B3 /* MediaPlayer.framework */,
				B3F9DFE614B7235800BAD3B3 /* AVFoundation.framework */,
				B3F9DFE414B7235100BAD3B3 /* CoreVideo.framework */,
				B386520614B5D73D00C48BD3 /* Content */,
				B38651E614B5B1D700C48BD3 /* studioapp */,
				B38651DF14B5B1D700C48BD3 /* Frameworks */,
				B38651DD14B5B1D700C48BD3 /* Products */,
			);
			sourceTree = "<group>";
		};
		B38651DD14B5B1D700C48BD3 /* Products */ = {
			isa = PBXGroup;
			children = (
				B38651DC14B5B1D700C48BD3 /* studioapp.app */,
			);
			name = Products;
			sourceTree = "<group>";
		};
		B38651DF14B5B1D700C48BD3 /* Frameworks */ = {
			isa = PBXGroup;
			children = (
				B38651E014B5B1D700C48BD3 /* UIKit.framework */,
				B38651E214B5B1D700C48BD3 /* Foundation.framework */,
				B38651E414B5B1D700C48BD3 /* CoreGraphics.framework */,
			);
			name = Frameworks;
			sourceTree = "<group>";
		};
		B38651E614B5B1D700C48BD3 /* studioapp */ = {
			isa = PBXGroup;
			children = (
				B3F9DFC614B70CB800BAD3B3 /* mymovieview */,
				B38651FF14B5B32B00C48BD3 /* myscrollview */,
				B38651FD14B5B22900C48BD3 /* main */,
				B38651FE14B5B23E00C48BD3 /* mainviewctl */,
				B38651E714B5B1D700C48BD3 /* Supporting Files */,
			);
			path = studioapp;
			sourceTree = "<group>";
		};
		B38651E714B5B1D700C48BD3 /* Supporting Files */ = {
			isa = PBXGroup;
			children = (
				B38651E814B5B1D700C48BD3 /* studioapp-Info.plist */,
				B38651E914B5B1D700C48BD3 /* InfoPlist.strings */,
				B38651EC14B5B1D700C48BD3 /* main.m */,
				B38651EE14B5B1D700C48BD3 /* studioapp-Prefix.pch */,
			);
			name = "Supporting Files";
			sourceTree = "<group>";
		};
		B38651FD14B5B22900C48BD3 /* main */ = {
			isa = PBXGroup;
			children = (
				B38651EF14B5B1D700C48BD3 /* AppDelegate.h */,
				B38651F014B5B1D700C48BD3 /* AppDelegate.m */,
				B38651F214B5B1D700C48BD3 /* MainStoryboard.storyboard */,
			);
			name = main;
			path = ..;
			sourceTree = "<group>";
		};
		B38651FE14B5B23E00C48BD3 /* mainviewctl */ = {
			isa = PBXGroup;
			children = (
				B38651F514B5B1D700C48BD3 /* ViewController.h */,
				B38651F614B5B1D700C48BD3 /* ViewController.m */,
			);
			name = mainviewctl;
			path = ..;
			sourceTree = "<group>";
		};
		B38651FF14B5B32B00C48BD3 /* myscrollview */ = {
			isa = PBXGroup;
			children = (
				B386520314B5B39E00C48BD3 /* MyScrollView.h */,
				B386520414B5B39E00C48BD3 /* MyScrollView.m */,
			);
			name = myscrollview;
			path = ..;
			sourceTree = "<group>";
		};
		B386520614B5D73D00C48BD3 /* Content */ = {
			isa = PBXGroup;
			children = (
				B3346F8314BC1878007C5A59 /* Elements */,
				B3B0CA7314B9A3F2007D035B /* Tile8Playbutton.png */,
				B3B0CA6414B99977007D035B /* CharacterDev */,
				B3F9E00014B84A9800BAD3B3 /* Design */,
				B3F9DFFD14B845A500BAD3B3 /* Storyboard */,
				B3F9DFF214B8438A00BAD3B3 /* Home */,
				B3F9DFEF14B72A7B00BAD3B3 /* Preproduction */,
				B3F9DFEC14B729B200BAD3B3 /* Animation */,
				B3F9DFD614B71BF600BAD3B3 /* Film */,
				B386520A14B5E39600C48BD3 /* Illustration */,
				B386520714B5D74800C48BD3 /* People */,
			);
			name = Content;
			sourceTree = "<group>";
		};
		B386520714B5D74800C48BD3 /* People */ = {
			isa = PBXGroup;
			children = (
				B3346F7814BC17FD007C5A59 /* Tile1Text.png */,
				B3B0CA7514B9A559007D035B /* Tile1Aboutus.png */,
				B386520814B5D77B00C48BD3 /* illustration02.jpg */,
			);
			name = People;
			sourceTree = "<group>";
		};
		B386520A14B5E39600C48BD3 /* Illustration */ = {
			isa = PBXGroup;
			children = (
				B3B0CA5C14B99435007D035B /* illustration03.jpg */,
				B3B0CA5A14B9927A007D035B /* illustration15.jpg */,
				B3F9E00514B84ECB00BAD3B3 /* illustration13.jpg */,
				B3F9E00314B84DDA00BAD3B3 /* illustration14.jpg */,
				B3F9DFF514B8453500BAD3B3 /* Tile2Illustration.png */,
				B386520D14B670EC00C48BD3 /* illustration04.jpg */,
				B386520B14B5E3AC00C48BD3 /* illustration06.jpg */,
			);
			name = Illustration;
			sourceTree = "<group>";
		};
		B3B0CA6414B99977007D035B /* CharacterDev */ = {
			isa = PBXGroup;
			children = (
				B3B0CA6714B99B97007D035B /* charDev12.jpg */,
				B3B0CA6814B99B97007D035B /* charDev15.jpg */,
				B3B0CA6514B99986007D035B /* charDev01.jpg */,
			);
			name = CharacterDev;
			sourceTree = "<group>";
		};
		B3F9DFC614B70CB800BAD3B3 /* mymovieview */ = {
			isa = PBXGroup;
			children = (
				B3F9DFD914B7217F00BAD3B3 /* AVPlayerDemoPlaybackView.h */,
				B3F9DFDA14B7217F00BAD3B3 /* AVPlayerDemoPlaybackView.m */,
				B3F9DFDB14B7217F00BAD3B3 /* MyMoviePlayer.h */,
				B3F9DFDC14B7217F00BAD3B3 /* MyMoviePlayer.m */,
				B3F9DFDD14B7217F00BAD3B3 /* MyMoviePlayer.xib */,
				B3F9DFDE14B7217F00BAD3B3 /* MyMovieView.h */,
				B3F9DFDF14B7217F00BAD3B3 /* MyMovieView.m */,
			);
			name = mymovieview;
			sourceTree = "<group>";
		};
		B3F9DFD614B71BF600BAD3B3 /* Film */ = {
			isa = PBXGroup;
			children = (
				B3F9DFF714B8455100BAD3B3 /* Tile3Film.png */,
				B3F9DFD714B71C1400BAD3B3 /* FILM_REEL.mov */,
			);
			name = Film;
			sourceTree = "<group>";
		};
		B3F9DFEC14B729B200BAD3B3 /* Animation */ = {
			isa = PBXGroup;
			children = (
				B3F9DFF914B8456500BAD3B3 /* Tile8Animation.png */,
				B3F9DFED14B729C300BAD3B3 /* Animation_Reel.mov */,
			);
			name = Animation;
			sourceTree = "<group>";
		};
		B3F9DFEF14B72A7B00BAD3B3 /* Preproduction */ = {
			isa = PBXGroup;
			children = (
				B3F9DFFB14B8457F00BAD3B3 /* Tile6Preproduction.png */,
				B3F9DFF014B72A9A00BAD3B3 /* Preproduction_Reel.mov */,
			);
			name = Preproduction;
			sourceTree = "<group>";
		};
		B3F9DFF214B8438A00BAD3B3 /* Home */ = {
			isa = PBXGroup;
			children = (
				B3F1E57F14BD7A0400CDACE1 /* Tile5Arrowright.png */,
				B3F1E57814BD79EA00CDACE1 /* Tile5Arrowdown.png */,
				B3F1E57914BD79EA00CDACE1 /* Tile5Arrowleft.png */,
				B3F1E57A14BD79EA00CDACE1 /* Tile5Arrowup.png */,
				B3F9DFF314B8439800BAD3B3 /* THESTUDIO_RED copy.png */,
			);
			name = Home;
			sourceTree = "<group>";
		};
		B3F9DFFD14B845A500BAD3B3 /* Storyboard */ = {
			isa = PBXGroup;
			children = (
				B3B0CA6B14B99F1E007D035B /* SB_Concepts04.jpg */,
				B3B0CA6C14B99F1E007D035B /* SB_Concepts08.jpg */,
				B3B0CA6D14B99F1E007D035B /* SB_Concepts21.jpg */,
				B3B0CA6E14B99F1E007D035B /* SB_Concepts29.jpg */,
				B3F9DFFE14B845B500BAD3B3 /* Tile9Storyboards.png */,
			);
			name = Storyboard;
			sourceTree = "<group>";
		};
		B3F9E00014B84A9800BAD3B3 /* Design */ = {
			isa = PBXGroup;
			children = (
				B3B0CA6214B9984B007D035B /* design04.jpg */,
				B3B0CA6014B996DD007D035B /* design12.jpg */,
				B3B0CA5E14B995E2007D035B /* design15.jpg */,
				B3F9E00114B84AA200BAD3B3 /* Tile4Design.png */,
			);
			name = Design;
			sourceTree = "<group>";
		};
/* End PBXGroup section */

/* Begin PBXNativeTarget section */
		B38651DB14B5B1D600C48BD3 /* studioapp */ = {
			isa = PBXNativeTarget;
			buildConfigurationList = B38651FA14B5B1D700C48BD3 /* Build configuration list for PBXNativeTarget "studioapp" */;
			buildPhases = (
				B38651D814B5B1D600C48BD3 /* Sources */,
				B38651D914B5B1D600C48BD3 /* Frameworks */,
				B38651DA14B5B1D600C48BD3 /* Resources */,
			);
			buildRules = (
			);
			dependencies = (
			);
			name = studioapp;
			productName = studioapp;
			productReference = B38651DC14B5B1D700C48BD3 /* studioapp.app */;
			productType = "com.apple.product-type.application";
		};
/* End PBXNativeTarget section */

/* Begin PBXProject section */
		B38651D314B5B1D600C48BD3 /* Project object */ = {
			isa = PBXProject;
			attributes = {
				LastUpgradeCheck = 0420;
			};
			buildConfigurationList = B38651D614B5B1D600C48BD3 /* Build configuration list for PBXProject "studioapp" */;
			compatibilityVersion = "Xcode 3.2";
			developmentRegion = English;
			hasScannedForEncodings = 0;
			knownRegions = (
				en,
			);
			mainGroup = B38651D114B5B1D600C48BD3;
			productRefGroup = B38651DD14B5B1D700C48BD3 /* Products */;
			projectDirPath = "";
			projectRoot = "";
			targets = (
				B38651DB14B5B1D600C48BD3 /* studioapp */,
			);
		};
/* End PBXProject section */

/* Begin PBXResourcesBuildPhase section */
		B38651DA14B5B1D600C48BD3 /* Resources */ = {
			isa = PBXResourcesBuildPhase;
			buildActionMask = 2147483647;
			files = (
				B38651EB14B5B1D700C48BD3 /* InfoPlist.strings in Resources */,
				B38651F414B5B1D700C48BD3 /* MainStoryboard.storyboard in Resources */,
				B386520914B5D77B00C48BD3 /* illustration02.jpg in Resources */,
				B386520C14B5E3AC00C48BD3 /* illustration06.jpg in Resources */,
				B386520E14B670EC00C48BD3 /* illustration04.jpg in Resources */,
				B3F9DFD814B71C1400BAD3B3 /* FILM_REEL.mov in Resources */,
				B3F9DFE214B7217F00BAD3B3 /* MyMoviePlayer.xib in Resources */,
				B3F9DFEE14B729C300BAD3B3 /* Animation_Reel.mov in Resources */,
				B3F9DFF114B72A9A00BAD3B3 /* Preproduction_Reel.mov in Resources */,
				B3F9DFF414B8439800BAD3B3 /* THESTUDIO_RED copy.png in Resources */,
				B3F9DFF614B8453500BAD3B3 /* Tile2Illustration.png in Resources */,
				B3F9DFF814B8455100BAD3B3 /* Tile3Film.png in Resources */,
				B3F9DFFA14B8456500BAD3B3 /* Tile8Animation.png in Resources */,
				B3F9DFFC14B8457F00BAD3B3 /* Tile6Preproduction.png in Resources */,
				B3F9DFFF14B845B500BAD3B3 /* Tile9Storyboards.png in Resources */,
				B3F9E00214B84AA200BAD3B3 /* Tile4Design.png in Resources */,
				B3F9E00414B84DDA00BAD3B3 /* illustration14.jpg in Resources */,
				B3F9E00614B84ECC00BAD3B3 /* illustration13.jpg in Resources */,
				B3B0CA5814B98E9C007D035B /* Dottedboxfull.png in Resources */,
				B3B0CA5B14B9927A007D035B /* illustration15.jpg in Resources */,
				B3B0CA5D14B99435007D035B /* illustration03.jpg in Resources */,
				B3B0CA5F14B995E2007D035B /* design15.jpg in Resources */,
				B3B0CA6114B996DD007D035B /* design12.jpg in Resources */,
				B3B0CA6314B9984B007D035B /* design04.jpg in Resources */,
				B3B0CA6614B99986007D035B /* charDev01.jpg in Resources */,
				B3B0CA6914B99B97007D035B /* charDev12.jpg in Resources */,
				B3B0CA6A14B99B97007D035B /* charDev15.jpg in Resources */,
				B3B0CA6F14B99F1E007D035B /* SB_Concepts04.jpg in Resources */,
				B3B0CA7014B99F1E007D035B /* SB_Concepts08.jpg in Resources */,
				B3B0CA7114B99F1E007D035B /* SB_Concepts21.jpg in Resources */,
				B3B0CA7214B99F1E007D035B /* SB_Concepts29.jpg in Resources */,
				B3B0CA7414B9A3F2007D035B /* Tile8Playbutton.png in Resources */,
				B3B0CA7614B9A559007D035B /* Tile1Aboutus.png in Resources */,
				B3346F7914BC17FD007C5A59 /* Tile1Text.png in Resources */,
				B3346F7F14BC1873007C5A59 /* Box.png in Resources */,
				B3346F8014BC1873007C5A59 /* Box2.png in Resources */,
				B3346F8114BC1873007C5A59 /* Boxdotted.png in Resources */,
				B3346F8214BC1873007C5A59 /* Boxdotted2.png in Resources */,
				B3F1E57B14BD79EA00CDACE1 /* Tile5Arrowdown.png in Resources */,
				B3F1E57C14BD79EA00CDACE1 /* Tile5Arrowleft.png in Resources */,
				B3F1E57D14BD79EA00CDACE1 /* Tile5Arrowup.png in Resources */,
				B3F1E58014BD7A0400CDACE1 /* Tile5Arrowright.png in Resources */,
			);
			runOnlyForDeploymentPostprocessing = 0;
		};
/* End PBXResourcesBuildPhase section */

/* Begin PBXSourcesBuildPhase section */
		B38651D814B5B1D600C48BD3 /* Sources */ = {
			isa = PBXSourcesBuildPhase;
			buildActionMask = 2147483647;
			files = (
				B38651ED14B5B1D700C48BD3 /* main.m in Sources */,
				B38651F114B5B1D700C48BD3 /* AppDelegate.m in Sources */,
				B38651F714B5B1D700C48BD3 /* ViewController.m in Sources */,
				B386520514B5B39E00C48BD3 /* MyScrollView.m in Sources */,
				B3F9DFE014B7217F00BAD3B3 /* AVPlayerDemoPlaybackView.m in Sources */,
				B3F9DFE114B7217F00BAD3B3 /* MyMoviePlayer.m in Sources */,
				B3F9DFE314B7217F00BAD3B3 /* MyMovieView.m in Sources */,
			);
			runOnlyForDeploymentPostprocessing = 0;
		};
/* End PBXSourcesBuildPhase section */

/* Begin PBXVariantGroup section */
		B38651E914B5B1D700C48BD3 /* InfoPlist.strings */ = {
			isa = PBXVariantGroup;
			children = (
				B38651EA14B5B1D700C48BD3 /* en */,
			);
			name = InfoPlist.strings;
			sourceTree = "<group>";
		};
		B38651F214B5B1D700C48BD3 /* MainStoryboard.storyboard */ = {
			isa = PBXVariantGroup;
			children = (
				B38651F314B5B1D700C48BD3 /* en */,
			);
			name = MainStoryboard.storyboard;
			path = studioapp;
			sourceTree = "<group>";
		};
/* End PBXVariantGroup section */

/* Begin XCBuildConfiguration section */
		B38651F814B5B1D700C48BD3 /* Debug */ = {
			isa = XCBuildConfiguration;
			buildSettings = {
				ALWAYS_SEARCH_USER_PATHS = NO;
				ARCHS = "$(ARCHS_STANDARD_32_BIT)";
				CLANG_ENABLE_OBJC_ARC = YES;
				"CODE_SIGN_IDENTITY[sdk=iphoneos*]" = "iPhone Developer";
				COPY_PHASE_STRIP = NO;
				GCC_C_LANGUAGE_STANDARD = gnu99;
				GCC_DYNAMIC_NO_PIC = NO;
				GCC_OPTIMIZATION_LEVEL = 0;
				GCC_PREPROCESSOR_DEFINITIONS = (
					"DEBUG=1",
					"$(inherited)",
				);
				GCC_SYMBOLS_PRIVATE_EXTERN = NO;
				GCC_VERSION = com.apple.compilers.llvm.clang.1_0;
				GCC_WARN_ABOUT_MISSING_PROTOTYPES = YES;
				GCC_WARN_ABOUT_RETURN_TYPE = YES;
				GCC_WARN_UNUSED_VARIABLE = YES;
				IPHONEOS_DEPLOYMENT_TARGET = 5.0;
				SDKROOT = iphoneos;
				TARGETED_DEVICE_FAMILY = 2;
			};
			name = Debug;
		};
		B38651F914B5B1D700C48BD3 /* Release */ = {
			isa = XCBuildConfiguration;
			buildSettings = {
				ALWAYS_SEARCH_USER_PATHS = NO;
				ARCHS = "$(ARCHS_STANDARD_32_BIT)";
				CLANG_ENABLE_OBJC_ARC = YES;
				"CODE_SIGN_IDENTITY[sdk=iphoneos*]" = "iPhone Developer";
				COPY_PHASE_STRIP = YES;
				GCC_C_LANGUAGE_STANDARD = gnu99;
				GCC_VERSION = com.apple.compilers.llvm.clang.1_0;
				GCC_WARN_ABOUT_MISSING_PROTOTYPES = YES;
				GCC_WARN_ABOUT_RETURN_TYPE = YES;
				GCC_WARN_UNUSED_VARIABLE = YES;
				IPHONEOS_DEPLOYMENT_TARGET = 5.0;
				OTHER_CFLAGS = "-DNS_BLOCK_ASSERTIONS=1";
				SDKROOT = iphoneos;
				TARGETED_DEVICE_FAMILY = 2;
				VALIDATE_PRODUCT = YES;
			};
			name = Release;
		};
		B38651FB14B5B1D700C48BD3 /* Debug */ = {
			isa = XCBuildConfiguration;
			buildSettings = {
				CODE_SIGN_IDENTITY = "iPhone Distribution: George Williams";
				"CODE_SIGN_IDENTITY[sdk=iphoneos*]" = "iPhone Distribution: George Williams";
				GCC_PRECOMPILE_PREFIX_HEADER = YES;
				GCC_PREFIX_HEADER = "studioapp/studioapp-Prefix.pch";
				INFOPLIST_FILE = "studioapp/studioapp-Info.plist";
				PRODUCT_NAME = "$(TARGET_NAME)";
				PROVISIONING_PROFILE = "E822F06C-F503-4FFA-B895-41F76DC58EB1";
				"PROVISIONING_PROFILE[sdk=iphoneos*]" = "E822F06C-F503-4FFA-B895-41F76DC58EB1";
				WRAPPER_EXTENSION = app;
			};
			name = Debug;
		};
		B38651FC14B5B1D700C48BD3 /* Release */ = {
			isa = XCBuildConfiguration;
			buildSettings = {
				CODE_SIGN_IDENTITY = "iPhone Distribution: George Williams";
				"CODE_SIGN_IDENTITY[sdk=iphoneos*]" = "iPhone Distribution: George Williams";
				GCC_PRECOMPILE_PREFIX_HEADER = YES;
				GCC_PREFIX_HEADER = "studioapp/studioapp-Prefix.pch";
				INFOPLIST_FILE = "studioapp/studioapp-Info.plist";
				PRODUCT_NAME = "$(TARGET_NAME)";
				PROVISIONING_PROFILE = "E822F06C-F503-4FFA-B895-41F76DC58EB1";
				"PROVISIONING_PROFILE[sdk=iphoneos*]" = "E822F06C-F503-4FFA-B895-41F76DC58EB1";
				WRAPPER_EXTENSION = app;
			};
			name = Release;
		};
/* End XCBuildConfiguration section */

/* Begin XCConfigurationList section */
		B38651D614B5B1D600C48BD3 /* Build configuration list for PBXProject "studioapp" */ = {
			isa = XCConfigurationList;
			buildConfigurations = (
				B38651F814B5B1D700C48BD3 /* Debug */,
				B38651F914B5B1D700C48BD3 /* Release */,
			);
			defaultConfigurationIsVisible = 0;
			defaultConfigurationName = Release;
		};
		B38651FA14B5B1D700C48BD3 /* Build configuration list for PBXNativeTarget "studioapp" */ = {
			isa = XCConfigurationList;
			buildConfigurations = (
				B38651FB14B5B1D700C48BD3 /* Debug */,
				B38651FC14B5B1D700C48BD3 /* Release */,
			);
			defaultConfigurationIsVisible = 0;
			defaultConfigurationName = Release;
		};
/* End XCConfigurationList section */
	};
	rootObject = B38651D314B5B1D600C48BD3 /* Project object */;
}
